// !$*UTF8*$!
{
	archiveVersion = 1;
	classes = {
	};
	objectVersion = 52;
	objects = {

/* Begin PBXBuildFile section */
		CC307A862692E42D0045ACDE /* Tunnel.swift in Sources */ = {isa = PBXBuildFile; fileRef = CC307A852692E42D0045ACDE /* Tunnel.swift */; };
		CC307A892692E47F0045ACDE /* UppercasedRecordTransformer.swift in Sources */ = {isa = PBXBuildFile; fileRef = CC307A882692E47F0045ACDE /* UppercasedRecordTransformer.swift */; };
		CC307A8B2692E4930045ACDE /* LowercasedRecordTransformer.swift in Sources */ = {isa = PBXBuildFile; fileRef = CC307A8A2692E4930045ACDE /* LowercasedRecordTransformer.swift */; };
		CC307A8D2692E4A40045ACDE /* TimestampTransformer.swift in Sources */ = {isa = PBXBuildFile; fileRef = CC307A8C2692E4A40045ACDE /* TimestampTransformer.swift */; };
		CC307A8F2692E4B80045ACDE /* CPUModelTransformer.swift in Sources */ = {isa = PBXBuildFile; fileRef = CC307A8E2692E4B80045ACDE /* CPUModelTransformer.swift */; };
		CC307A912692E4CA0045ACDE /* HardwareModelTransformer.swift in Sources */ = {isa = PBXBuildFile; fileRef = CC307A902692E4CA0045ACDE /* HardwareModelTransformer.swift */; };
		CC307A932692E8140045ACDE /* TunnelService.swift in Sources */ = {isa = PBXBuildFile; fileRef = CC307A922692E8140045ACDE /* TunnelService.swift */; };
		CC7E47F32696ACAE00410951 /* TunnelError.swift in Sources */ = {isa = PBXBuildFile; fileRef = CC7E47F22696ACAE00410951 /* TunnelError.swift */; };
		CC7E47F52696C22400410951 /* TunnelAdaptable.swift in Sources */ = {isa = PBXBuildFile; fileRef = CC7E47F42696C22400410951 /* TunnelAdaptable.swift */; };
		CC811B162690959600CD285C /* Device.swift in Sources */ = {isa = PBXBuildFile; fileRef = CC811B152690959600CD285C /* Device.swift */; };
		CC811B9E2690A2D000CD285C /* NMSSH in Frameworks */ = {isa = PBXBuildFile; productRef = CC811B9D2690A2D000CD285C /* NMSSH */; };
		CC811BAE2690A51500CD285C /* iproxy.c in Sources */ = {isa = PBXBuildFile; fileRef = CC811BA02690A3E700CD285C /* iproxy.c */; };
		CC811BD12690A65600CD285C /* iproxy in Copy Embedded Tools */ = {isa = PBXBuildFile; fileRef = CC811BA72690A4F000CD285C /* iproxy */; settings = {ATTRIBUTES = (CodeSignOnCopy, ); }; };
		CC811BD32690A7EC00CD285C /* libimobiledevice-1.0.a in Frameworks */ = {isa = PBXBuildFile; fileRef = CC96F9762677BB7400CB55E9 /* libimobiledevice-1.0.a */; };
		CC811BD42690A7EC00CD285C /* libplist-2.0.a in Frameworks */ = {isa = PBXBuildFile; fileRef = CC96F9752677BB7400CB55E9 /* libplist-2.0.a */; };
		CC811BD52690A7EC00CD285C /* libusbmuxd-2.0.a in Frameworks */ = {isa = PBXBuildFile; fileRef = CC96F9772677BB7400CB55E9 /* libusbmuxd-2.0.a */; };
		CC811BDD2690BFCE00CD285C /* DeviceError.swift in Sources */ = {isa = PBXBuildFile; fileRef = CC811BDC2690BFCE00CD285C /* DeviceError.swift */; };
		CC811BDF2690BFE100CD285C /* Record.swift in Sources */ = {isa = PBXBuildFile; fileRef = CC811BDE2690BFE100CD285C /* Record.swift */; };
		CC811BE12690BFF800CD285C /* FilledRecord.swift in Sources */ = {isa = PBXBuildFile; fileRef = CC811BE02690BFF800CD285C /* FilledRecord.swift */; };
		CC811BE32690C02100CD285C /* ConnectedDevice.swift in Sources */ = {isa = PBXBuildFile; fileRef = CC811BE22690C02100CD285C /* ConnectedDevice.swift */; };
		CC811BE52690C13C00CD285C /* RecordTransformer.swift in Sources */ = {isa = PBXBuildFile; fileRef = CC811BE42690C13C00CD285C /* RecordTransformer.swift */; };
		CC811BE72690C3E300CD285C /* TransformedRecord.swift in Sources */ = {isa = PBXBuildFile; fileRef = CC811BE62690C3E300CD285C /* TransformedRecord.swift */; };
		CC811BE92690C95B00CD285C /* AggregatedRecord.swift in Sources */ = {isa = PBXBuildFile; fileRef = CC811BE82690C95A00CD285C /* AggregatedRecord.swift */; };
		CC811BEB2690CB5F00CD285C /* RecordTemplate.swift in Sources */ = {isa = PBXBuildFile; fileRef = CC811BEA2690CB5F00CD285C /* RecordTemplate.swift */; };
		CC811BF426918A7A00CD285C /* Localizable.strings in Resources */ = {isa = PBXBuildFile; fileRef = CC811BF626918A7A00CD285C /* Localizable.strings */; };
		CC811BF926918AAB00CD285C /* BartyCrouch.swift in Sources */ = {isa = PBXBuildFile; fileRef = CC811BF826918AAA00CD285C /* BartyCrouch.swift */; };
		CC811BFC26918AEC00CD285C /* RecordKeys.strings in Resources */ = {isa = PBXBuildFile; fileRef = CC811BFE26918AEC00CD285C /* RecordKeys.strings */; };
		CC96F9642677BB4E00CB55E9 /* AppDelegate.swift in Sources */ = {isa = PBXBuildFile; fileRef = CC96F9632677BB4E00CB55E9 /* AppDelegate.swift */; };
		CC96F9662677BB4E00CB55E9 /* ViewController.swift in Sources */ = {isa = PBXBuildFile; fileRef = CC96F9652677BB4E00CB55E9 /* ViewController.swift */; };
		CC96F9682677BB4F00CB55E9 /* Assets.xcassets in Resources */ = {isa = PBXBuildFile; fileRef = CC96F9672677BB4F00CB55E9 /* Assets.xcassets */; };
		CC96F96B2677BB4F00CB55E9 /* Main.storyboard in Resources */ = {isa = PBXBuildFile; fileRef = CC96F9692677BB4F00CB55E9 /* Main.storyboard */; };
		CC96F97A2677BB7400CB55E9 /* libplist-2.0.a in Frameworks */ = {isa = PBXBuildFile; fileRef = CC96F9752677BB7400CB55E9 /* libplist-2.0.a */; };
		CC96F97B2677BB7400CB55E9 /* libimobiledevice-1.0.a in Frameworks */ = {isa = PBXBuildFile; fileRef = CC96F9762677BB7400CB55E9 /* libimobiledevice-1.0.a */; };
		CC96F97C2677BB7400CB55E9 /* libusbmuxd-2.0.a in Frameworks */ = {isa = PBXBuildFile; fileRef = CC96F9772677BB7400CB55E9 /* libusbmuxd-2.0.a */; };
/* End PBXBuildFile section */

/* Begin PBXContainerItemProxy section */
		CC811BCD2690A63B00CD285C /* PBXContainerItemProxy */ = {
			isa = PBXContainerItemProxy;
			containerPortal = CC96F9582677BB4E00CB55E9 /* Project object */;
			proxyType = 1;
			remoteGlobalIDString = CC811BA62690A4F000CD285C;
			remoteInfo = iproxy;
		};
/* End PBXContainerItemProxy section */

/* Begin PBXCopyFilesBuildPhase section */
		CC811BA52690A4F000CD285C /* CopyFiles */ = {
			isa = PBXCopyFilesBuildPhase;
			buildActionMask = 2147483647;
			dstPath = /usr/share/man/man1/;
			dstSubfolderSpec = 0;
			files = (
			);
			runOnlyForDeploymentPostprocessing = 1;
		};
		CC811BCF2690A63D00CD285C /* Copy Embedded Tools */ = {
			isa = PBXCopyFilesBuildPhase;
			buildActionMask = 2147483647;
			dstPath = tools;
			dstSubfolderSpec = 7;
			files = (
				CC811BD12690A65600CD285C /* iproxy in Copy Embedded Tools */,
			);
			name = "Copy Embedded Tools";
			runOnlyForDeploymentPostprocessing = 0;
		};
/* End PBXCopyFilesBuildPhase section */

/* Begin PBXFileReference section */
		CC307A852692E42D0045ACDE /* Tunnel.swift */ = {isa = PBXFileReference; lastKnownFileType = sourcecode.swift; path = Tunnel.swift; sourceTree = "<group>"; };
		CC307A882692E47F0045ACDE /* UppercasedRecordTransformer.swift */ = {isa = PBXFileReference; lastKnownFileType = sourcecode.swift; path = UppercasedRecordTransformer.swift; sourceTree = "<group>"; };
		CC307A8A2692E4930045ACDE /* LowercasedRecordTransformer.swift */ = {isa = PBXFileReference; lastKnownFileType = sourcecode.swift; path = LowercasedRecordTransformer.swift; sourceTree = "<group>"; };
		CC307A8C2692E4A40045ACDE /* TimestampTransformer.swift */ = {isa = PBXFileReference; lastKnownFileType = sourcecode.swift; path = TimestampTransformer.swift; sourceTree = "<group>"; };
		CC307A8E2692E4B80045ACDE /* CPUModelTransformer.swift */ = {isa = PBXFileReference; lastKnownFileType = sourcecode.swift; path = CPUModelTransformer.swift; sourceTree = "<group>"; };
		CC307A902692E4CA0045ACDE /* HardwareModelTransformer.swift */ = {isa = PBXFileReference; lastKnownFileType = sourcecode.swift; path = HardwareModelTransformer.swift; sourceTree = "<group>"; };
		CC307A922692E8140045ACDE /* TunnelService.swift */ = {isa = PBXFileReference; lastKnownFileType = sourcecode.swift; path = TunnelService.swift; sourceTree = "<group>"; };
		CC7E47F22696ACAE00410951 /* TunnelError.swift */ = {isa = PBXFileReference; lastKnownFileType = sourcecode.swift; path = TunnelError.swift; sourceTree = "<group>"; };
		CC7E47F42696C22400410951 /* TunnelAdaptable.swift */ = {isa = PBXFileReference; lastKnownFileType = sourcecode.swift; path = TunnelAdaptable.swift; sourceTree = "<group>"; };
		CC811B152690959600CD285C /* Device.swift */ = {isa = PBXFileReference; lastKnownFileType = sourcecode.swift; path = Device.swift; sourceTree = "<group>"; };
		CC811B1726909C6000CD285C /* newfactorydata.sh */ = {isa = PBXFileReference; lastKnownFileType = text.script.sh; name = newfactorydata.sh; path = DeviceInfo/Resources/newfactorydata.sh; sourceTree = SOURCE_ROOT; };
		CC811B9A2690A2C700CD285C /* NMSSH */ = {isa = PBXFileReference; lastKnownFileType = folder; path = NMSSH; sourceTree = "<group>"; };
		CC811B9B2690A2C700CD285C /* CSSH */ = {isa = PBXFileReference; lastKnownFileType = folder; path = CSSH; sourceTree = "<group>"; };
		CC811B9F2690A3E700CD285C /* inetcat.c */ = {isa = PBXFileReference; fileEncoding = 4; lastKnownFileType = sourcecode.c.c; path = inetcat.c; sourceTree = "<group>"; };
		CC811BA02690A3E700CD285C /* iproxy.c */ = {isa = PBXFileReference; fileEncoding = 4; lastKnownFileType = sourcecode.c.c; path = iproxy.c; sourceTree = "<group>"; };
		CC811BA72690A4F000CD285C /* iproxy */ = {isa = PBXFileReference; explicitFileType = "compiled.mach-o.executable"; includeInIndex = 0; path = iproxy; sourceTree = BUILT_PRODUCTS_DIR; };
		CC811BDC2690BFCE00CD285C /* DeviceError.swift */ = {isa = PBXFileReference; lastKnownFileType = sourcecode.swift; path = DeviceError.swift; sourceTree = "<group>"; };
		CC811BDE2690BFE100CD285C /* Record.swift */ = {isa = PBXFileReference; lastKnownFileType = sourcecode.swift; path = Record.swift; sourceTree = "<group>"; };
		CC811BE02690BFF800CD285C /* FilledRecord.swift */ = {isa = PBXFileReference; lastKnownFileType = sourcecode.swift; path = FilledRecord.swift; sourceTree = "<group>"; };
		CC811BE22690C02100CD285C /* ConnectedDevice.swift */ = {isa = PBXFileReference; lastKnownFileType = sourcecode.swift; path = ConnectedDevice.swift; sourceTree = "<group>"; };
		CC811BE42690C13C00CD285C /* RecordTransformer.swift */ = {isa = PBXFileReference; lastKnownFileType = sourcecode.swift; path = RecordTransformer.swift; sourceTree = "<group>"; };
		CC811BE62690C3E300CD285C /* TransformedRecord.swift */ = {isa = PBXFileReference; lastKnownFileType = sourcecode.swift; path = TransformedRecord.swift; sourceTree = "<group>"; };
		CC811BE82690C95A00CD285C /* AggregatedRecord.swift */ = {isa = PBXFileReference; lastKnownFileType = sourcecode.swift; path = AggregatedRecord.swift; sourceTree = "<group>"; };
		CC811BEA2690CB5F00CD285C /* RecordTemplate.swift */ = {isa = PBXFileReference; lastKnownFileType = sourcecode.swift; path = RecordTemplate.swift; sourceTree = "<group>"; };
		CC811BF126918A6B00CD285C /* zh-Hans */ = {isa = PBXFileReference; lastKnownFileType = text.plist.strings; name = "zh-Hans"; path = "zh-Hans.lproj/Main.strings"; sourceTree = "<group>"; };
		CC811BF326918A7200CD285C /* en */ = {isa = PBXFileReference; lastKnownFileType = text.plist.strings; name = en; path = en.lproj/Main.strings; sourceTree = "<group>"; };
		CC811BF526918A7A00CD285C /* zh-Hans */ = {isa = PBXFileReference; lastKnownFileType = text.plist.strings; name = "zh-Hans"; path = "zh-Hans.lproj/Localizable.strings"; sourceTree = "<group>"; };
		CC811BF726918A7D00CD285C /* en */ = {isa = PBXFileReference; lastKnownFileType = text.plist.strings; name = en; path = en.lproj/Localizable.strings; sourceTree = "<group>"; };
		CC811BF826918AAA00CD285C /* BartyCrouch.swift */ = {isa = PBXFileReference; lastKnownFileType = sourcecode.swift; path = BartyCrouch.swift; sourceTree = "<group>"; };
		CC811BFD26918AEC00CD285C /* zh-Hans */ = {isa = PBXFileReference; lastKnownFileType = text.plist.strings; name = "zh-Hans"; path = "zh-Hans.lproj/RecordKeys.strings"; sourceTree = "<group>"; };
		CC811BFF26918AEF00CD285C /* en */ = {isa = PBXFileReference; lastKnownFileType = text.plist.strings; name = en; path = en.lproj/RecordKeys.strings; sourceTree = "<group>"; };
		CC96F9602677BB4E00CB55E9 /* DeviceInfo.app */ = {isa = PBXFileReference; explicitFileType = wrapper.application; includeInIndex = 0; path = DeviceInfo.app; sourceTree = BUILT_PRODUCTS_DIR; };
		CC96F9632677BB4E00CB55E9 /* AppDelegate.swift */ = {isa = PBXFileReference; lastKnownFileType = sourcecode.swift; path = AppDelegate.swift; sourceTree = "<group>"; };
		CC96F9652677BB4E00CB55E9 /* ViewController.swift */ = {isa = PBXFileReference; lastKnownFileType = sourcecode.swift; path = ViewController.swift; sourceTree = "<group>"; };
		CC96F9672677BB4F00CB55E9 /* Assets.xcassets */ = {isa = PBXFileReference; lastKnownFileType = folder.assetcatalog; path = Assets.xcassets; sourceTree = "<group>"; };
		CC96F96A2677BB4F00CB55E9 /* Base */ = {isa = PBXFileReference; lastKnownFileType = file.storyboard; name = Base; path = Base.lproj/Main.storyboard; sourceTree = "<group>"; };
		CC96F96C2677BB4F00CB55E9 /* Info.plist */ = {isa = PBXFileReference; lastKnownFileType = text.plist.xml; path = Info.plist; sourceTree = "<group>"; };
		CC96F96D2677BB4F00CB55E9 /* DeviceInfo.entitlements */ = {isa = PBXFileReference; lastKnownFileType = text.plist.entitlements; path = DeviceInfo.entitlements; sourceTree = "<group>"; };
		CC96F9742677BB7400CB55E9 /* libcrypto.a */ = {isa = PBXFileReference; lastKnownFileType = archive.ar; path = libcrypto.a; sourceTree = "<group>"; };
		CC96F9752677BB7400CB55E9 /* libplist-2.0.a */ = {isa = PBXFileReference; lastKnownFileType = archive.ar; path = "libplist-2.0.a"; sourceTree = "<group>"; };
		CC96F9762677BB7400CB55E9 /* libimobiledevice-1.0.a */ = {isa = PBXFileReference; lastKnownFileType = archive.ar; path = "libimobiledevice-1.0.a"; sourceTree = "<group>"; };
		CC96F9772677BB7400CB55E9 /* libusbmuxd-2.0.a */ = {isa = PBXFileReference; lastKnownFileType = archive.ar; path = "libusbmuxd-2.0.a"; sourceTree = "<group>"; };
		CC96F9782677BB7400CB55E9 /* libssl.a */ = {isa = PBXFileReference; lastKnownFileType = archive.ar; path = libssl.a; sourceTree = "<group>"; };
		CC96F97E2677BB8300CB55E9 /* include */ = {isa = PBXFileReference; lastKnownFileType = folder; path = include; sourceTree = "<group>"; };
		CC96F9812677BC3200CB55E9 /* DeviceInfo-Bridging-Header.h */ = {isa = PBXFileReference; lastKnownFileType = sourcecode.c.h; path = "DeviceInfo-Bridging-Header.h"; sourceTree = "<group>"; };
		CC96F9822677BC3300CB55E9 /* idevicenotificationproxy.c */ = {isa = PBXFileReference; fileEncoding = 4; lastKnownFileType = sourcecode.c.c; path = idevicenotificationproxy.c; sourceTree = "<group>"; };
		CC96F9832677BC3300CB55E9 /* idevicescreenshot.c */ = {isa = PBXFileReference; fileEncoding = 4; lastKnownFileType = sourcecode.c.c; path = idevicescreenshot.c; sourceTree = "<group>"; };
		CC96F9842677BC3300CB55E9 /* idevicebackup2.c */ = {isa = PBXFileReference; fileEncoding = 4; lastKnownFileType = sourcecode.c.c; path = idevicebackup2.c; sourceTree = "<group>"; };
		CC96F9852677BC3300CB55E9 /* idevice_id.c */ = {isa = PBXFileReference; fileEncoding = 4; lastKnownFileType = sourcecode.c.c; path = idevice_id.c; sourceTree = "<group>"; };
		CC96F9862677BC3300CB55E9 /* idevicediagnostics.c */ = {isa = PBXFileReference; fileEncoding = 4; lastKnownFileType = sourcecode.c.c; path = idevicediagnostics.c; sourceTree = "<group>"; };
		CC96F9872677BC3300CB55E9 /* idevicename.c */ = {isa = PBXFileReference; fileEncoding = 4; lastKnownFileType = sourcecode.c.c; path = idevicename.c; sourceTree = "<group>"; };
		CC96F9882677BC3300CB55E9 /* idevicecrashreport.c */ = {isa = PBXFileReference; fileEncoding = 4; lastKnownFileType = sourcecode.c.c; path = idevicecrashreport.c; sourceTree = "<group>"; };
		CC96F9892677BC3300CB55E9 /* idevicepair.c */ = {isa = PBXFileReference; fileEncoding = 4; lastKnownFileType = sourcecode.c.c; path = idevicepair.c; sourceTree = "<group>"; };
		CC96F98A2677BC3300CB55E9 /* ideviceprovision.c */ = {isa = PBXFileReference; fileEncoding = 4; lastKnownFileType = sourcecode.c.c; path = ideviceprovision.c; sourceTree = "<group>"; };
		CC96F98B2677BC3400CB55E9 /* idevicesetlocation.c */ = {isa = PBXFileReference; fileEncoding = 4; lastKnownFileType = sourcecode.c.c; path = idevicesetlocation.c; sourceTree = "<group>"; };
		CC96F98C2677BC3400CB55E9 /* ideviceimagemounter.c */ = {isa = PBXFileReference; fileEncoding = 4; lastKnownFileType = sourcecode.c.c; path = ideviceimagemounter.c; sourceTree = "<group>"; };
		CC96F98D2677BC3400CB55E9 /* idevicesyslog.c */ = {isa = PBXFileReference; fileEncoding = 4; lastKnownFileType = sourcecode.c.c; path = idevicesyslog.c; sourceTree = "<group>"; };
		CC96F98E2677BC3400CB55E9 /* ideviceenterrecovery.c */ = {isa = PBXFileReference; fileEncoding = 4; lastKnownFileType = sourcecode.c.c; path = ideviceenterrecovery.c; sourceTree = "<group>"; };
		CC96F98F2677BC3400CB55E9 /* idevicedebug.c */ = {isa = PBXFileReference; fileEncoding = 4; lastKnownFileType = sourcecode.c.c; path = idevicedebug.c; sourceTree = "<group>"; };
		CC96F9902677BC3400CB55E9 /* ideviceinfo.c */ = {isa = PBXFileReference; fileEncoding = 4; lastKnownFileType = sourcecode.c.c; path = ideviceinfo.c; sourceTree = "<group>"; };
		CC96F9912677BC3400CB55E9 /* idevicedebugserverproxy.c */ = {isa = PBXFileReference; fileEncoding = 4; lastKnownFileType = sourcecode.c.c; path = idevicedebugserverproxy.c; sourceTree = "<group>"; };
		CC96F9922677BC3400CB55E9 /* idevicedate.c */ = {isa = PBXFileReference; fileEncoding = 4; lastKnownFileType = sourcecode.c.c; path = idevicedate.c; sourceTree = "<group>"; };
		CC96F9932677BC3400CB55E9 /* idevicebackup.c */ = {isa = PBXFileReference; fileEncoding = 4; lastKnownFileType = sourcecode.c.c; path = idevicebackup.c; sourceTree = "<group>"; };
/* End PBXFileReference section */

/* Begin PBXFrameworksBuildPhase section */
		CC811BA42690A4F000CD285C /* Frameworks */ = {
			isa = PBXFrameworksBuildPhase;
			buildActionMask = 2147483647;
			files = (
				CC811BD32690A7EC00CD285C /* libimobiledevice-1.0.a in Frameworks */,
				CC811BD52690A7EC00CD285C /* libusbmuxd-2.0.a in Frameworks */,
				CC811BD42690A7EC00CD285C /* libplist-2.0.a in Frameworks */,
			);
			runOnlyForDeploymentPostprocessing = 0;
		};
		CC96F95D2677BB4E00CB55E9 /* Frameworks */ = {
			isa = PBXFrameworksBuildPhase;
			buildActionMask = 2147483647;
			files = (
				CC811B9E2690A2D000CD285C /* NMSSH in Frameworks */,
				CC96F97A2677BB7400CB55E9 /* libplist-2.0.a in Frameworks */,
				CC96F97B2677BB7400CB55E9 /* libimobiledevice-1.0.a in Frameworks */,
				CC96F97C2677BB7400CB55E9 /* libusbmuxd-2.0.a in Frameworks */,
			);
			runOnlyForDeploymentPostprocessing = 0;
		};
/* End PBXFrameworksBuildPhase section */

/* Begin PBXGroup section */
		CC307A842692E3BB0045ACDE /* Tunnel */ = {
			isa = PBXGroup;
			children = (
				CC307A852692E42D0045ACDE /* Tunnel.swift */,
				CC7E47F22696ACAE00410951 /* TunnelError.swift */,
				CC307A922692E8140045ACDE /* TunnelService.swift */,
				CC7E47F42696C22400410951 /* TunnelAdaptable.swift */,
			);
			path = Tunnel;
			sourceTree = "<group>";
		};
		CC307A872692E45F0045ACDE /* Transformers */ = {
			isa = PBXGroup;
			children = (
				CC307A882692E47F0045ACDE /* UppercasedRecordTransformer.swift */,
				CC307A8A2692E4930045ACDE /* LowercasedRecordTransformer.swift */,
				CC307A8C2692E4A40045ACDE /* TimestampTransformer.swift */,
				CC307A8E2692E4B80045ACDE /* CPUModelTransformer.swift */,
				CC307A902692E4CA0045ACDE /* HardwareModelTransformer.swift */,
			);
			path = Transformers;
			sourceTree = "<group>";
		};
		CC811B9C2690A2D000CD285C /* Frameworks */ = {
			isa = PBXGroup;
			children = (
			);
			name = Frameworks;
			sourceTree = "<group>";
		};
		CC811BEC2690D32700CD285C /* Records */ = {
			isa = PBXGroup;
			children = (
				CC307A872692E45F0045ACDE /* Transformers */,
				CC811BDE2690BFE100CD285C /* Record.swift */,
				CC811BE02690BFF800CD285C /* FilledRecord.swift */,
				CC811BE62690C3E300CD285C /* TransformedRecord.swift */,
				CC811BE82690C95A00CD285C /* AggregatedRecord.swift */,
				CC811BEA2690CB5F00CD285C /* RecordTemplate.swift */,
				CC811BE42690C13C00CD285C /* RecordTransformer.swift */,
			);
			path = Records;
			sourceTree = "<group>";
		};
		CC811BED2690D33800CD285C /* Device */ = {
			isa = PBXGroup;
			children = (
				CC811B152690959600CD285C /* Device.swift */,
				CC811BDC2690BFCE00CD285C /* DeviceError.swift */,
				CC811BE22690C02100CD285C /* ConnectedDevice.swift */,
			);
			path = Device;
			sourceTree = "<group>";
		};
		CC811C0026918BB300CD285C /* Resources */ = {
			isa = PBXGroup;
			children = (
				CC96F96C2677BB4F00CB55E9 /* Info.plist */,
				CC811BF626918A7A00CD285C /* Localizable.strings */,
				CC811BFE26918AEC00CD285C /* RecordKeys.strings */,
				CC96F9672677BB4F00CB55E9 /* Assets.xcassets */,
				CC96F96D2677BB4F00CB55E9 /* DeviceInfo.entitlements */,
				CC811B1726909C6000CD285C /* newfactorydata.sh */,
				CC811BF826918AAA00CD285C /* BartyCrouch.swift */,
			);
			path = Resources;
			sourceTree = "<group>";
		};
		CC811C0126918C5200CD285C /* XIB */ = {
			isa = PBXGroup;
			children = (
				CC96F9692677BB4F00CB55E9 /* Main.storyboard */,
			);
			path = XIB;
			sourceTree = "<group>";
		};
		CC96F9572677BB4E00CB55E9 = {
			isa = PBXGroup;
			children = (
				CC811B9B2690A2C700CD285C /* CSSH */,
				CC811B9A2690A2C700CD285C /* NMSSH */,
				CC96F9622677BB4E00CB55E9 /* DeviceInfo */,
				CC96F9612677BB4E00CB55E9 /* Products */,
				CC811B9C2690A2D000CD285C /* Frameworks */,
			);
			sourceTree = "<group>";
		};
		CC96F9612677BB4E00CB55E9 /* Products */ = {
			isa = PBXGroup;
			children = (
				CC96F9602677BB4E00CB55E9 /* DeviceInfo.app */,
				CC811BA72690A4F000CD285C /* iproxy */,
			);
			name = Products;
			sourceTree = "<group>";
		};
		CC96F9622677BB4E00CB55E9 /* DeviceInfo */ = {
			isa = PBXGroup;
			children = (
				CC96F97E2677BB8300CB55E9 /* include */,
				CC96F9732677BB7400CB55E9 /* lib */,
				CC96F9802677BBE400CB55E9 /* tools */,
				CC811C0026918BB300CD285C /* Resources */,
				CC811BED2690D33800CD285C /* Device */,
				CC307A842692E3BB0045ACDE /* Tunnel */,
				CC811BEC2690D32700CD285C /* Records */,
				CC811C0126918C5200CD285C /* XIB */,
				CC96F9632677BB4E00CB55E9 /* AppDelegate.swift */,
				CC96F9652677BB4E00CB55E9 /* ViewController.swift */,
			);
			path = DeviceInfo;
			sourceTree = "<group>";
		};
		CC96F9732677BB7400CB55E9 /* lib */ = {
			isa = PBXGroup;
			children = (
				CC96F9742677BB7400CB55E9 /* libcrypto.a */,
				CC96F9752677BB7400CB55E9 /* libplist-2.0.a */,
				CC96F9762677BB7400CB55E9 /* libimobiledevice-1.0.a */,
				CC96F9772677BB7400CB55E9 /* libusbmuxd-2.0.a */,
				CC96F9782677BB7400CB55E9 /* libssl.a */,
			);
			path = lib;
			sourceTree = "<group>";
		};
		CC96F9802677BBE400CB55E9 /* tools */ = {
			isa = PBXGroup;
			children = (
				CC96F9812677BC3200CB55E9 /* DeviceInfo-Bridging-Header.h */,
				CC96F9852677BC3300CB55E9 /* idevice_id.c */,
				CC96F9932677BC3400CB55E9 /* idevicebackup.c */,
				CC96F9842677BC3300CB55E9 /* idevicebackup2.c */,
				CC96F9882677BC3300CB55E9 /* idevicecrashreport.c */,
				CC96F9922677BC3400CB55E9 /* idevicedate.c */,
				CC96F98F2677BC3400CB55E9 /* idevicedebug.c */,
				CC96F9912677BC3400CB55E9 /* idevicedebugserverproxy.c */,
				CC96F9862677BC3300CB55E9 /* idevicediagnostics.c */,
				CC96F98E2677BC3400CB55E9 /* ideviceenterrecovery.c */,
				CC96F98C2677BC3400CB55E9 /* ideviceimagemounter.c */,
				CC96F9902677BC3400CB55E9 /* ideviceinfo.c */,
				CC96F9872677BC3300CB55E9 /* idevicename.c */,
				CC96F9822677BC3300CB55E9 /* idevicenotificationproxy.c */,
				CC96F9892677BC3300CB55E9 /* idevicepair.c */,
				CC96F98A2677BC3300CB55E9 /* ideviceprovision.c */,
				CC96F9832677BC3300CB55E9 /* idevicescreenshot.c */,
				CC96F98B2677BC3400CB55E9 /* idevicesetlocation.c */,
				CC96F98D2677BC3400CB55E9 /* idevicesyslog.c */,
				CC811B9F2690A3E700CD285C /* inetcat.c */,
				CC811BA02690A3E700CD285C /* iproxy.c */,
			);
			path = tools;
			sourceTree = "<group>";
		};
/* End PBXGroup section */

/* Begin PBXNativeTarget section */
		CC811BA62690A4F000CD285C /* iproxy */ = {
			isa = PBXNativeTarget;
			buildConfigurationList = CC811BAB2690A4F000CD285C /* Build configuration list for PBXNativeTarget "iproxy" */;
			buildPhases = (
				CC811BA32690A4F000CD285C /* Sources */,
				CC811BA42690A4F000CD285C /* Frameworks */,
				CC811BA52690A4F000CD285C /* CopyFiles */,
			);
			buildRules = (
			);
			dependencies = (
			);
			name = iproxy;
			productName = iproxy;
			productReference = CC811BA72690A4F000CD285C /* iproxy */;
			productType = "com.apple.product-type.tool";
		};
		CC96F95F2677BB4E00CB55E9 /* DeviceInfo */ = {
			isa = PBXNativeTarget;
			buildConfigurationList = CC96F9702677BB4F00CB55E9 /* Build configuration list for PBXNativeTarget "DeviceInfo" */;
			buildPhases = (
				CC96F95C2677BB4E00CB55E9 /* Sources */,
				CC96F95D2677BB4E00CB55E9 /* Frameworks */,
				CC96F95E2677BB4E00CB55E9 /* Resources */,
				CC811BCF2690A63D00CD285C /* Copy Embedded Tools */,
			);
			buildRules = (
			);
			dependencies = (
				CC811BCE2690A63B00CD285C /* PBXTargetDependency */,
			);
			name = DeviceInfo;
			packageProductDependencies = (
				CC811B9D2690A2D000CD285C /* NMSSH */,
			);
			productName = DeviceInfo;
			productReference = CC96F9602677BB4E00CB55E9 /* DeviceInfo.app */;
			productType = "com.apple.product-type.application";
		};
/* End PBXNativeTarget section */

/* Begin PBXProject section */
		CC96F9582677BB4E00CB55E9 /* Project object */ = {
			isa = PBXProject;
			attributes = {
				LastSwiftUpdateCheck = 1250;
				LastUpgradeCheck = 1250;
				TargetAttributes = {
					CC811BA62690A4F000CD285C = {
						CreatedOnToolsVersion = 12.5;
					};
					CC96F95F2677BB4E00CB55E9 = {
						CreatedOnToolsVersion = 12.5;
						LastSwiftMigration = 1250;
					};
				};
			};
			buildConfigurationList = CC96F95B2677BB4E00CB55E9 /* Build configuration list for PBXProject "DeviceInfo" */;
			compatibilityVersion = "Xcode 9.3";
			developmentRegion = en;
			hasScannedForEncodings = 0;
			knownRegions = (
				en,
				Base,
				"zh-Hans",
			);
			mainGroup = CC96F9572677BB4E00CB55E9;
			productRefGroup = CC96F9612677BB4E00CB55E9 /* Products */;
			projectDirPath = "";
			projectRoot = "";
			targets = (
				CC96F95F2677BB4E00CB55E9 /* DeviceInfo */,
				CC811BA62690A4F000CD285C /* iproxy */,
			);
		};
/* End PBXProject section */

/* Begin PBXResourcesBuildPhase section */
		CC96F95E2677BB4E00CB55E9 /* Resources */ = {
			isa = PBXResourcesBuildPhase;
			buildActionMask = 2147483647;
			files = (
				CC96F9682677BB4F00CB55E9 /* Assets.xcassets in Resources */,
				CC811BFC26918AEC00CD285C /* RecordKeys.strings in Resources */,
				CC811BF426918A7A00CD285C /* Localizable.strings in Resources */,
				CC96F96B2677BB4F00CB55E9 /* Main.storyboard in Resources */,
			);
			runOnlyForDeploymentPostprocessing = 0;
		};
/* End PBXResourcesBuildPhase section */

/* Begin PBXSourcesBuildPhase section */
		CC811BA32690A4F000CD285C /* Sources */ = {
			isa = PBXSourcesBuildPhase;
			buildActionMask = 2147483647;
			files = (
				CC811BAE2690A51500CD285C /* iproxy.c in Sources */,
			);
			runOnlyForDeploymentPostprocessing = 0;
		};
		CC96F95C2677BB4E00CB55E9 /* Sources */ = {
			isa = PBXSourcesBuildPhase;
			buildActionMask = 2147483647;
			files = (
				CC811BDF2690BFE100CD285C /* Record.swift in Sources */,
				CC811BDD2690BFCE00CD285C /* DeviceError.swift in Sources */,
				CC307A8F2692E4B80045ACDE /* CPUModelTransformer.swift in Sources */,
				CC307A932692E8140045ACDE /* TunnelService.swift in Sources */,
				CC811BE72690C3E300CD285C /* TransformedRecord.swift in Sources */,
				CC811BF926918AAB00CD285C /* BartyCrouch.swift in Sources */,
				CC811BE32690C02100CD285C /* ConnectedDevice.swift in Sources */,
				CC811B162690959600CD285C /* Device.swift in Sources */,
				CC307A912692E4CA0045ACDE /* HardwareModelTransformer.swift in Sources */,
				CC307A892692E47F0045ACDE /* UppercasedRecordTransformer.swift in Sources */,
				CC7E47F32696ACAE00410951 /* TunnelError.swift in Sources */,
				CC307A8B2692E4930045ACDE /* LowercasedRecordTransformer.swift in Sources */,
				CC7E47F52696C22400410951 /* TunnelAdaptable.swift in Sources */,
				CC811BE92690C95B00CD285C /* AggregatedRecord.swift in Sources */,
				CC96F9662677BB4E00CB55E9 /* ViewController.swift in Sources */,
				CC811BE52690C13C00CD285C /* RecordTransformer.swift in Sources */,
				CC307A862692E42D0045ACDE /* Tunnel.swift in Sources */,
				CC307A8D2692E4A40045ACDE /* TimestampTransformer.swift in Sources */,
				CC811BE12690BFF800CD285C /* FilledRecord.swift in Sources */,
				CC811BEB2690CB5F00CD285C /* RecordTemplate.swift in Sources */,
				CC96F9642677BB4E00CB55E9 /* AppDelegate.swift in Sources */,
			);
			runOnlyForDeploymentPostprocessing = 0;
		};
/* End PBXSourcesBuildPhase section */

/* Begin PBXTargetDependency section */
		CC811BCE2690A63B00CD285C /* PBXTargetDependency */ = {
			isa = PBXTargetDependency;
			target = CC811BA62690A4F000CD285C /* iproxy */;
			targetProxy = CC811BCD2690A63B00CD285C /* PBXContainerItemProxy */;
		};
/* End PBXTargetDependency section */

/* Begin PBXVariantGroup section */
		CC811BF626918A7A00CD285C /* Localizable.strings */ = {
			isa = PBXVariantGroup;
			children = (
				CC811BF526918A7A00CD285C /* zh-Hans */,
				CC811BF726918A7D00CD285C /* en */,
			);
			name = Localizable.strings;
			sourceTree = "<group>";
		};
		CC811BFE26918AEC00CD285C /* RecordKeys.strings */ = {
			isa = PBXVariantGroup;
			children = (
				CC811BFD26918AEC00CD285C /* zh-Hans */,
				CC811BFF26918AEF00CD285C /* en */,
			);
			name = RecordKeys.strings;
			sourceTree = "<group>";
		};
		CC96F9692677BB4F00CB55E9 /* Main.storyboard */ = {
			isa = PBXVariantGroup;
			children = (
				CC96F96A2677BB4F00CB55E9 /* Base */,
				CC811BF126918A6B00CD285C /* zh-Hans */,
				CC811BF326918A7200CD285C /* en */,
			);
			name = Main.storyboard;
			sourceTree = "<group>";
		};
/* End PBXVariantGroup section */

/* Begin XCBuildConfiguration section */
		CC811BAC2690A4F000CD285C /* Debug */ = {
			isa = XCBuildConfiguration;
			buildSettings = {
				CODE_SIGN_STYLE = Automatic;
				DEVELOPMENT_TEAM = GXZ23M5TP2;
				ENABLE_HARDENED_RUNTIME = YES;
				LIBRARY_SEARCH_PATHS = (
					"$(inherited)",
					"$(PROJECT_DIR)/DeviceInfo/lib",
				);
				PRODUCT_NAME = "$(TARGET_NAME)";
			};
			name = Debug;
		};
		CC811BAD2690A4F000CD285C /* Release */ = {
			isa = XCBuildConfiguration;
			buildSettings = {
				CODE_SIGN_STYLE = Automatic;
				DEVELOPMENT_TEAM = GXZ23M5TP2;
				ENABLE_HARDENED_RUNTIME = YES;
				LIBRARY_SEARCH_PATHS = (
					"$(inherited)",
					"$(PROJECT_DIR)/DeviceInfo/lib",
				);
				PRODUCT_NAME = "$(TARGET_NAME)";
			};
			name = Release;
		};
		CC96F96E2677BB4F00CB55E9 /* Debug */ = {
			isa = XCBuildConfiguration;
			buildSettings = {
				ALWAYS_SEARCH_USER_PATHS = NO;
				CLANG_ANALYZER_LOCALIZABILITY_NONLOCALIZED = YES;
				CLANG_ANALYZER_NONNULL = YES;
				CLANG_ANALYZER_NUMBER_OBJECT_CONVERSION = YES_AGGRESSIVE;
				CLANG_CXX_LANGUAGE_STANDARD = "gnu++14";
				CLANG_CXX_LIBRARY = "libc++";
				CLANG_ENABLE_MODULES = YES;
				CLANG_ENABLE_OBJC_ARC = YES;
				CLANG_ENABLE_OBJC_WEAK = YES;
				CLANG_WARN_BLOCK_CAPTURE_AUTORELEASING = YES;
				CLANG_WARN_BOOL_CONVERSION = YES;
				CLANG_WARN_COMMA = YES;
				CLANG_WARN_CONSTANT_CONVERSION = YES;
				CLANG_WARN_DEPRECATED_OBJC_IMPLEMENTATIONS = YES;
				CLANG_WARN_DIRECT_OBJC_ISA_USAGE = YES_ERROR;
				CLANG_WARN_DOCUMENTATION_COMMENTS = YES;
				CLANG_WARN_EMPTY_BODY = YES;
				CLANG_WARN_ENUM_CONVERSION = YES;
				CLANG_WARN_INFINITE_RECURSION = YES;
				CLANG_WARN_INT_CONVERSION = YES;
				CLANG_WARN_NON_LITERAL_NULL_CONVERSION = YES;
				CLANG_WARN_OBJC_IMPLICIT_RETAIN_SELF = YES;
				CLANG_WARN_OBJC_LITERAL_CONVERSION = YES;
				CLANG_WARN_OBJC_ROOT_CLASS = YES_ERROR;
				CLANG_WARN_QUOTED_INCLUDE_IN_FRAMEWORK_HEADER = YES;
				CLANG_WARN_RANGE_LOOP_ANALYSIS = YES;
				CLANG_WARN_STRICT_PROTOTYPES = YES;
				CLANG_WARN_SUSPICIOUS_MOVE = YES;
				CLANG_WARN_UNGUARDED_AVAILABILITY = YES_AGGRESSIVE;
				CLANG_WARN_UNREACHABLE_CODE = YES;
				CLANG_WARN__DUPLICATE_METHOD_MATCH = YES;
				COPY_PHASE_STRIP = NO;
				DEBUG_INFORMATION_FORMAT = dwarf;
				ENABLE_STRICT_OBJC_MSGSEND = YES;
				ENABLE_TESTABILITY = YES;
				GCC_C_LANGUAGE_STANDARD = gnu11;
				GCC_DYNAMIC_NO_PIC = NO;
				GCC_NO_COMMON_BLOCKS = YES;
				GCC_OPTIMIZATION_LEVEL = 0;
				GCC_PREPROCESSOR_DEFINITIONS = (
					"DEBUG=1",
					"$(inherited)",
				);
				GCC_WARN_64_TO_32_BIT_CONVERSION = YES;
				GCC_WARN_ABOUT_RETURN_TYPE = YES_ERROR;
				GCC_WARN_UNDECLARED_SELECTOR = YES;
				GCC_WARN_UNINITIALIZED_AUTOS = YES_AGGRESSIVE;
				GCC_WARN_UNUSED_FUNCTION = YES;
				GCC_WARN_UNUSED_VARIABLE = YES;
				MACOSX_DEPLOYMENT_TARGET = 10.15;
				MTL_ENABLE_DEBUG_INFO = INCLUDE_SOURCE;
				MTL_FAST_MATH = YES;
				ONLY_ACTIVE_ARCH = YES;
				SDKROOT = macosx;
				SWIFT_ACTIVE_COMPILATION_CONDITIONS = DEBUG;
				SWIFT_OPTIMIZATION_LEVEL = "-Onone";
				SYSTEM_HEADER_SEARCH_PATHS = "$(PROJECT_DIR)/$(PROJECT_NAME)/include";
			};
			name = Debug;
		};
		CC96F96F2677BB4F00CB55E9 /* Release */ = {
			isa = XCBuildConfiguration;
			buildSettings = {
				ALWAYS_SEARCH_USER_PATHS = NO;
				CLANG_ANALYZER_LOCALIZABILITY_NONLOCALIZED = YES;
				CLANG_ANALYZER_NONNULL = YES;
				CLANG_ANALYZER_NUMBER_OBJECT_CONVERSION = YES_AGGRESSIVE;
				CLANG_CXX_LANGUAGE_STANDARD = "gnu++14";
				CLANG_CXX_LIBRARY = "libc++";
				CLANG_ENABLE_MODULES = YES;
				CLANG_ENABLE_OBJC_ARC = YES;
				CLANG_ENABLE_OBJC_WEAK = YES;
				CLANG_WARN_BLOCK_CAPTURE_AUTORELEASING = YES;
				CLANG_WARN_BOOL_CONVERSION = YES;
				CLANG_WARN_COMMA = YES;
				CLANG_WARN_CONSTANT_CONVERSION = YES;
				CLANG_WARN_DEPRECATED_OBJC_IMPLEMENTATIONS = YES;
				CLANG_WARN_DIRECT_OBJC_ISA_USAGE = YES_ERROR;
				CLANG_WARN_DOCUMENTATION_COMMENTS = YES;
				CLANG_WARN_EMPTY_BODY = YES;
				CLANG_WARN_ENUM_CONVERSION = YES;
				CLANG_WARN_INFINITE_RECURSION = YES;
				CLANG_WARN_INT_CONVERSION = YES;
				CLANG_WARN_NON_LITERAL_NULL_CONVERSION = YES;
				CLANG_WARN_OBJC_IMPLICIT_RETAIN_SELF = YES;
				CLANG_WARN_OBJC_LITERAL_CONVERSION = YES;
				CLANG_WARN_OBJC_ROOT_CLASS = YES_ERROR;
				CLANG_WARN_QUOTED_INCLUDE_IN_FRAMEWORK_HEADER = YES;
				CLANG_WARN_RANGE_LOOP_ANALYSIS = YES;
				CLANG_WARN_STRICT_PROTOTYPES = YES;
				CLANG_WARN_SUSPICIOUS_MOVE = YES;
				CLANG_WARN_UNGUARDED_AVAILABILITY = YES_AGGRESSIVE;
				CLANG_WARN_UNREACHABLE_CODE = YES;
				CLANG_WARN__DUPLICATE_METHOD_MATCH = YES;
				COPY_PHASE_STRIP = NO;
				DEBUG_INFORMATION_FORMAT = "dwarf-with-dsym";
				ENABLE_NS_ASSERTIONS = NO;
				ENABLE_STRICT_OBJC_MSGSEND = YES;
				GCC_C_LANGUAGE_STANDARD = gnu11;
				GCC_NO_COMMON_BLOCKS = YES;
				GCC_WARN_64_TO_32_BIT_CONVERSION = YES;
				GCC_WARN_ABOUT_RETURN_TYPE = YES_ERROR;
				GCC_WARN_UNDECLARED_SELECTOR = YES;
				GCC_WARN_UNINITIALIZED_AUTOS = YES_AGGRESSIVE;
				GCC_WARN_UNUSED_FUNCTION = YES;
				GCC_WARN_UNUSED_VARIABLE = YES;
				MACOSX_DEPLOYMENT_TARGET = 10.15;
				MTL_ENABLE_DEBUG_INFO = NO;
				MTL_FAST_MATH = YES;
				SDKROOT = macosx;
				SWIFT_COMPILATION_MODE = wholemodule;
				SWIFT_OPTIMIZATION_LEVEL = "-O";
				SYSTEM_HEADER_SEARCH_PATHS = "$(PROJECT_DIR)/$(PROJECT_NAME)/include";
			};
			name = Release;
		};
		CC96F9712677BB4F00CB55E9 /* Debug */ = {
			isa = XCBuildConfiguration;
			buildSettings = {
				ASSETCATALOG_COMPILER_APPICON_NAME = AppIcon;
				ASSETCATALOG_COMPILER_GLOBAL_ACCENT_COLOR_NAME = AccentColor;
				CLANG_ENABLE_MODULES = YES;
				CODE_SIGN_ENTITLEMENTS = "$(TARGET_NAME)/Resources/$(TARGET_NAME).entitlements";
				CODE_SIGN_STYLE = Automatic;
				COMBINE_HIDPI_IMAGES = YES;
				DEVELOPMENT_TEAM = GXZ23M5TP2;
				ENABLE_HARDENED_RUNTIME = YES;
				INFOPLIST_FILE = "$(TARGET_NAME)/Resources/Info.plist";
				LD_RUNPATH_SEARCH_PATHS = (
					"$(inherited)",
					"@executable_path/../Frameworks",
				);
				LIBRARY_SEARCH_PATHS = (
					"$(inherited)",
					"$(PROJECT_DIR)/DeviceInfo/lib",
				);
				PRODUCT_BUNDLE_IDENTIFIER = com.darwindev.DeviceInfo;
				PRODUCT_NAME = "$(TARGET_NAME)";
				SWIFT_OBJC_BRIDGING_HEADER = "DeviceInfo/tools/DeviceInfo-Bridging-Header.h";
				SWIFT_OPTIMIZATION_LEVEL = "-Onone";
				SWIFT_VERSION = 5.0;
			};
			name = Debug;
		};
		CC96F9722677BB4F00CB55E9 /* Release */ = {
			isa = XCBuildConfiguration;
			buildSettings = {
				ASSETCATALOG_COMPILER_APPICON_NAME = AppIcon;
				ASSETCATALOG_COMPILER_GLOBAL_ACCENT_COLOR_NAME = AccentColor;
				CLANG_ENABLE_MODULES = YES;
				CODE_SIGN_ENTITLEMENTS = "$(TARGET_NAME)/Resources/$(TARGET_NAME).entitlements";
				CODE_SIGN_STYLE = Automatic;
				COMBINE_HIDPI_IMAGES = YES;
				DEVELOPMENT_TEAM = GXZ23M5TP2;
				ENABLE_HARDENED_RUNTIME = YES;
				INFOPLIST_FILE = "$(TARGET_NAME)/Resources/Info.plist";
				LD_RUNPATH_SEARCH_PATHS = (
					"$(inherited)",
					"@executable_path/../Frameworks",
				);
				LIBRARY_SEARCH_PATHS = (
					"$(inherited)",
					"$(PROJECT_DIR)/DeviceInfo/lib",
				);
				PRODUCT_BUNDLE_IDENTIFIER = com.darwindev.DeviceInfo;
				PRODUCT_NAME = "$(TARGET_NAME)";
				SWIFT_OBJC_BRIDGING_HEADER = "DeviceInfo/tools/DeviceInfo-Bridging-Header.h";
				SWIFT_VERSION = 5.0;
			};
			name = Release;
		};
/* End XCBuildConfiguration section */

/* Begin XCConfigurationList section */
		CC811BAB2690A4F000CD285C /* Build configuration list for PBXNativeTarget "iproxy" */ = {
			isa = XCConfigurationList;
			buildConfigurations = (
				CC811BAC2690A4F000CD285C /* Debug */,
				CC811BAD2690A4F000CD285C /* Release */,
			);
			defaultConfigurationIsVisible = 0;
			defaultConfigurationName = Release;
		};
		CC96F95B2677BB4E00CB55E9 /* Build configuration list for PBXProject "DeviceInfo" */ = {
			isa = XCConfigurationList;
			buildConfigurations = (
				CC96F96E2677BB4F00CB55E9 /* Debug */,
				CC96F96F2677BB4F00CB55E9 /* Release */,
			);
			defaultConfigurationIsVisible = 0;
			defaultConfigurationName = Release;
		};
		CC96F9702677BB4F00CB55E9 /* Build configuration list for PBXNativeTarget "DeviceInfo" */ = {
			isa = XCConfigurationList;
			buildConfigurations = (
				CC96F9712677BB4F00CB55E9 /* Debug */,
				CC96F9722677BB4F00CB55E9 /* Release */,
			);
			defaultConfigurationIsVisible = 0;
			defaultConfigurationName = Release;
		};
/* End XCConfigurationList section */

/* Begin XCSwiftPackageProductDependency section */
		CC811B9D2690A2D000CD285C /* NMSSH */ = {
			isa = XCSwiftPackageProductDependency;
			productName = NMSSH;
		};
/* End XCSwiftPackageProductDependency section */
	};
	rootObject = CC96F9582677BB4E00CB55E9 /* Project object */;
}
